
Microsoft Visual Studio Solution File, Format Version 12.00
# Visual Studio Version 16
VisualStudioVersion = 16.0.31410.357
MinimumVisualStudioVersion = 10.0.40219.1
Project("{FAE04EC0-301F-11D3-BF4B-00C04F79EFBC}") = "UcursoCsharp", "PrimeiroPrograma\UcursoCsharp.csproj", "{726AE420-9EBF-4BC5-A137-CD44CC75A9AA}"
EndProject
Global
	GlobalSection(SolutionConfigurationPlatforms) = preSolution
		Debug|Any CPU = Debug|Any CPU
		Release|Any CPU = Release|Any CPU
	EndGlobalSection
	GlobalSection(ProjectConfigurationPlatforms) = postSolution
		{726AE420-9EBF-4BC5-A137-CD44CC75A9AA}.Debug|Any CPU.ActiveCfg = Debug|Any CPU
		{726AE420-9EBF-4BC5-A137-CD44CC75A9AA}.Debug|Any CPU.Build.0 = Debug|Any CPU
		{726AE420-9EBF-4BC5-A137-CD44CC75A9AA}.Release|Any CPU.ActiveCfg = Release|Any CPU
		{726AE420-9EBF-4BC5-A137-CD44CC75A9AA}.Release|Any CPU.Build.0 = Release|Any CPU
	EndGlobalSection
	GlobalSection(SolutionProperties) = preSolution
		HideSolutionNode = FALSE
	EndGlobalSection
	GlobalSection(ExtensibilityGlobals) = postSolution
		SolutionGuid = {B3940469-A216-474F-A671-F4BE9EB0FAC6}
	EndGlobalSection
EndGlobal
